%{
  "benchee": {:hex, :benchee, "1.1.0", "f3a43817209a92a1fade36ef36b86e1052627fd8934a8b937ac9ab3a76c43062", [:mix], [{:deep_merge, "~> 1.0", [hex: :deep_merge, repo: "hexpm", optional: false]}, {:statistex, "~> 1.0", [hex: :statistex, repo: "hexpm", optional: false]}], "hexpm", "7da57d545003165a012b587077f6ba90b89210fd88074ce3c60ce239eb5e6d93"},
  "benchee_csv": {:hex, :benchee_csv, "1.0.0", "0b3b9223290bfcb8003552705bec9bcf1a89b4a83b70bd686e45295c264f3d16", [:mix], [{:benchee, ">= 0.99.0 and < 2.0.0", [hex: :benchee, repo: "hexpm", optional: false]}, {:csv, "~> 2.0", [hex: :csv, repo: "hexpm", optional: false]}], "hexpm", "cdefb804c021dcf7a99199492026584be9b5a21d6644ac0d01c81c5d97c520d5"},
  "benchee_html": {:hex, :benchee_html, "1.0.0", "5b4d24effebd060f466fb460ec06576e7b34a00fc26b234fe4f12c4f05c95947", [:mix], [{:benchee, ">= 0.99.0 and < 2.0.0", [hex: :benchee, repo: "hexpm", optional: false]}, {:benchee_json, "~> 1.0", [hex: :benchee_json, repo: "hexpm", optional: false]}], "hexpm", "5280af9aac432ff5ca4216d03e8a93f32209510e925b60e7f27c33796f69e699"},
  "benchee_json": {:hex, :benchee_json, "1.0.0", "cc661f4454d5995c08fe10dd1f2f72f229c8f0fb1c96f6b327a8c8fc96a91fe5", [:mix], [{:benchee, ">= 0.99.0 and < 2.0.0", [hex: :benchee, repo: "hexpm", optional: false]}, {:jason, "~> 1.0", [hex: :jason, repo: "hexpm", optional: false]}], "hexpm", "da05d813f9123505f870344d68fb7c86a4f0f9074df7d7b7e2bb011a63ec231c"},
  "benchee_markdown": {:hex, :benchee_markdown, "0.3.1", "9d08a81ae217722ba65ade422b39dfb932cc14d96a2047c44dd30b025bbbb8b7", [:mix], [{:benchee, ">= 1.1.0 and < 2.0.0", [hex: :benchee, repo: "hexpm", optional: false]}], "hexpm", "6274a076e8bd51b192e957b6a7de957b4a1bbb5583892ea3673e0808f658bf5f"},
  "bunt": {:hex, :bunt, "0.2.1", "e2d4792f7bc0ced7583ab54922808919518d0e57ee162901a16a1b6664ef3b14", [:mix], [], "hexpm", "a330bfb4245239787b15005e66ae6845c9cd524a288f0d141c148b02603777a5"},
  "certifi": {:hex, :certifi, "2.9.0", "6f2a475689dd47f19fb74334859d460a2dc4e3252a3324bd2111b8f0429e7e21", [:rebar3], [], "hexpm", "266da46bdb06d6c6d35fde799bcb28d36d985d424ad7c08b5bb48f5b5cdd4641"},
  "coerce": {:hex, :coerce, "1.0.1", "211c27386315dc2894ac11bc1f413a0e38505d808153367bd5c6e75a4003d096", [:mix], [], "hexpm", "b44a691700f7a1a15b4b7e2ff1fa30bebd669929ac8aa43cffe9e2f8bf051cf1"},
  "credo": {:hex, :credo, "1.7.0", "6119bee47272e85995598ee04f2ebbed3e947678dee048d10b5feca139435f75", [:mix], [{:bunt, "~> 0.2.1", [hex: :bunt, repo: "hexpm", optional: false]}, {:file_system, "~> 0.2.8", [hex: :file_system, repo: "hexpm", optional: false]}, {:jason, "~> 1.0", [hex: :jason, repo: "hexpm", optional: false]}], "hexpm", "6839fcf63d1f0d1c0f450abc8564a57c43d644077ab96f2934563e68b8a769d7"},
  "csv": {:hex, :csv, "2.5.0", "c47b5a5221bf2e56d6e8eb79e77884046d7fd516280dc7d9b674251e0ae46246", [:mix], [{:parallel_stream, "~> 1.0.4 or ~> 1.1.0", [hex: :parallel_stream, repo: "hexpm", optional: false]}], "hexpm", "e821f541487045c7591a1963eeb42afff0dfa99bdcdbeb3410795a2f59c77d34"},
  "currying": {:hex, :currying, "1.0.3", "6d036c86c38663a795858c9e744e406a62d7e5a66243a7da15326e731cdcd672", [:mix], [], "hexpm", "7b9b8cd644ecac635f0abf6267ca46d497e73144a5882449a843461a014f1154"},
  "deep_merge": {:hex, :deep_merge, "1.0.0", "b4aa1a0d1acac393bdf38b2291af38cb1d4a52806cf7a4906f718e1feb5ee961", [:mix], [], "hexpm", "ce708e5f094b9cd4e8f2be4f00d2f4250c4095be93f8cd6d018c753894885430"},
  "dialyxir": {:hex, :dialyxir, "1.4.1", "a22ed1e7bd3a3e3f197b68d806ef66acb61ee8f57b3ac85fc5d57354c5482a93", [:mix], [{:erlex, ">= 0.2.6", [hex: :erlex, repo: "hexpm", optional: false]}], "hexpm", "84b795d6d7796297cca5a3118444b80c7d94f7ce247d49886e7c291e1ae49801"},
  "earmark_parser": {:hex, :earmark_parser, "1.4.37", "2ad73550e27c8946648b06905a57e4d454e4d7229c2dafa72a0348c99d8be5f7", [:mix], [], "hexpm", "6b19783f2802f039806f375610faa22da130b8edc21209d0bff47918bb48360e"},
  "erlex": {:hex, :erlex, "0.2.6", "c7987d15e899c7a2f34f5420d2a2ea0d659682c06ac607572df55a43753aa12e", [:mix], [], "hexpm", "2ed2e25711feb44d52b17d2780eabf998452f6efda104877a3881c2f8c0c0c75"},
  "ex_doc": {:hex, :ex_doc, "0.30.7", "dc7247091aec738ab781f71cbebfc07979d1040c98c7ee67dbde99b7829b743d", [:mix], [{:earmark_parser, "~> 1.4.31", [hex: :earmark_parser, repo: "hexpm", optional: false]}, {:makeup_elixir, "~> 0.14", [hex: :makeup_elixir, repo: "hexpm", optional: false]}, {:makeup_erlang, "~> 0.1", [hex: :makeup_erlang, repo: "hexpm", optional: false]}], "hexpm", "868ff1c7a44c462741853840d1e7ef19a07906e7467cb8da070c158ea6a42a51"},
  "excoveralls": {:hex, :excoveralls, "0.17.1", "83fa7906ef23aa7fc8ad7ee469c357a63b1b3d55dd701ff5b9ce1f72442b2874", [:mix], [{:castore, "~> 1.0", [hex: :castore, repo: "hexpm", optional: true]}, {:jason, "~> 1.0", [hex: :jason, repo: "hexpm", optional: false]}], "hexpm", "95bc6fda953e84c60f14da4a198880336205464e75383ec0f570180567985ae0"},
  "extractable": {:hex, :extractable, "1.0.1", "2cf2b213cbda82eb578c821de48fa313cddfa7573b256bce4306248f56b44509", [:mix], [{:type_check, "~> 0.8", [hex: :type_check, repo: "hexpm", optional: false]}], "hexpm", "820e9db7550a62c7d63b760a8da51ab2341ba425563955db005baadcb403b046"},
  "file_system": {:hex, :file_system, "0.2.10", "fb082005a9cd1711c05b5248710f8826b02d7d1784e7c3451f9c1231d4fc162d", [:mix], [], "hexpm", "41195edbfb562a593726eda3b3e8b103a309b733ad25f3d642ba49696bf715dc"},
  "fun_land": {:hex, :fun_land, "0.10.0", "edd9cc1907961048c7e87c85f9868956d22857557d2d52ee8e0d3997587e33a8", [:mix], [{:currying, "~> 1.0", [hex: :currying, repo: "hexpm", optional: false]}, {:numbers, "~> 5.0", [hex: :numbers, repo: "hexpm", optional: false]}], "hexpm", "0b52048e9de50b65805a7ed9699562fb16d9f253b5c708329b6d8e45eb3d5eb7"},
  "hackney": {:hex, :hackney, "1.18.1", "f48bf88f521f2a229fc7bae88cf4f85adc9cd9bcf23b5dc8eb6a1788c662c4f6", [:rebar3], [{:certifi, "~> 2.9.0", [hex: :certifi, repo: "hexpm", optional: false]}, {:idna, "~> 6.1.0", [hex: :idna, repo: "hexpm", optional: false]}, {:metrics, "~> 1.0.0", [hex: :metrics, repo: "hexpm", optional: false]}, {:mimerl, "~> 1.1", [hex: :mimerl, repo: "hexpm", optional: false]}, {:parse_trans, "3.3.1", [hex: :parse_trans, repo: "hexpm", optional: false]}, {:ssl_verify_fun, "~> 1.1.0", [hex: :ssl_verify_fun, repo: "hexpm", optional: false]}, {:unicode_util_compat, "~> 0.7.0", [hex: :unicode_util_compat, repo: "hexpm", optional: false]}], "hexpm", "a4ecdaff44297e9b5894ae499e9a070ea1888c84afdd1fd9b7b2bc384950128e"},
  "idna": {:hex, :idna, "6.1.1", "8a63070e9f7d0c62eb9d9fcb360a7de382448200fbbd1b106cc96d3d8099df8d", [:rebar3], [{:unicode_util_compat, "~> 0.7.0", [hex: :unicode_util_compat, repo: "hexpm", optional: false]}], "hexpm", "92376eb7894412ed19ac475e4a86f7b413c1b9fbb5bd16dccd57934157944cea"},
  "insertable": {:hex, :insertable, "1.0.0", "879c7023b5491bbb694dff78422c94faded616fda963e529916343bc6e35162f", [:mix], [{:type_check, "~> 0.8", [hex: :type_check, repo: "hexpm", optional: false]}], "hexpm", "4b3f60169221a1ace67fdfe8b0d3c35708c098e55df549d4a374b9a7b0255af4"},
  "jason": {:hex, :jason, "1.4.1", "af1504e35f629ddcdd6addb3513c3853991f694921b1b9368b0bd32beb9f1b63", [:mix], [{:decimal, "~> 1.0 or ~> 2.0", [hex: :decimal, repo: "hexpm", optional: true]}], "hexpm", "fbb01ecdfd565b56261302f7e1fcc27c4fb8f32d56eab74db621fc154604a7a1"},
  "makeup": {:hex, :makeup, "1.1.0", "6b67c8bc2882a6b6a445859952a602afc1a41c2e08379ca057c0f525366fc3ca", [:mix], [{:nimble_parsec, "~> 1.2.2 or ~> 1.3", [hex: :nimble_parsec, repo: "hexpm", optional: false]}], "hexpm", "0a45ed501f4a8897f580eabf99a2e5234ea3e75a4373c8a52824f6e873be57a6"},
  "makeup_elixir": {:hex, :makeup_elixir, "0.16.1", "cc9e3ca312f1cfeccc572b37a09980287e243648108384b97ff2b76e505c3555", [:mix], [{:makeup, "~> 1.0", [hex: :makeup, repo: "hexpm", optional: false]}, {:nimble_parsec, "~> 1.2.3 or ~> 1.3", [hex: :nimble_parsec, repo: "hexpm", optional: false]}], "hexpm", "e127a341ad1b209bd80f7bd1620a15693a9908ed780c3b763bccf7d200c767c6"},
  "makeup_erlang": {:hex, :makeup_erlang, "0.1.2", "ad87296a092a46e03b7e9b0be7631ddcf64c790fa68a9ef5323b6cbb36affc72", [:mix], [{:makeup, "~> 1.0", [hex: :makeup, repo: "hexpm", optional: false]}], "hexpm", "f3f5a1ca93ce6e092d92b6d9c049bcda58a3b617a8d888f8e7231c85630e8108"},
  "metrics": {:hex, :metrics, "1.0.1", "25f094dea2cda98213cecc3aeff09e940299d950904393b2a29d191c346a8486", [:rebar3], [], "hexpm", "69b09adddc4f74a40716ae54d140f93beb0fb8978d8636eaded0c31b6f099f16"},
  "mimerl": {:hex, :mimerl, "1.2.0", "67e2d3f571088d5cfd3e550c383094b47159f3eee8ffa08e64106cdf5e981be3", [:rebar3], [], "hexpm", "f278585650aa581986264638ebf698f8bb19df297f66ad91b18910dfc6e19323"},
  "nimble_parsec": {:hex, :nimble_parsec, "1.3.1", "2c54013ecf170e249e9291ed0a62e5832f70a476c61da16f6aac6dca0189f2af", [:mix], [], "hexpm", "2682e3c0b2eb58d90c6375fc0cc30bc7be06f365bf72608804fb9cffa5e1b167"},
  "numbers": {:hex, :numbers, "5.2.4", "f123d5bb7f6acc366f8f445e10a32bd403c8469bdbce8ce049e1f0972b607080", [:mix], [{:coerce, "~> 1.0", [hex: :coerce, repo: "hexpm", optional: false]}, {:decimal, "~> 1.9 or ~> 2.0", [hex: :decimal, repo: "hexpm", optional: true]}], "hexpm", "eeccf5c61d5f4922198395bf87a465b6f980b8b862dd22d28198c5e6fab38582"},
  "parallel_stream": {:hex, :parallel_stream, "1.1.0", "f52f73eb344bc22de335992377413138405796e0d0ad99d995d9977ac29f1ca9", [:mix], [], "hexpm", "684fd19191aedfaf387bbabbeb8ff3c752f0220c8112eb907d797f4592d6e871"},
  "parse_trans": {:hex, :parse_trans, "3.3.1", "16328ab840cc09919bd10dab29e431da3af9e9e7e7e6f0089dd5a2d2820011d8", [:rebar3], [], "hexpm", "07cd9577885f56362d414e8c4c4e6bdf10d43a8767abb92d24cbe8b24c54888b"},
  "ssl_verify_fun": {:hex, :ssl_verify_fun, "1.1.7", "354c321cf377240c7b8716899e182ce4890c5938111a1296add3ec74cf1715df", [:make, :mix, :rebar3], [], "hexpm", "fe4c190e8f37401d30167c8c405eda19469f34577987c76dde613e838bbc67f8"},
  "statistex": {:hex, :statistex, "1.0.0", "f3dc93f3c0c6c92e5f291704cf62b99b553253d7969e9a5fa713e5481cd858a5", [:mix], [], "hexpm", "ff9d8bee7035028ab4742ff52fc80a2aa35cece833cf5319009b52f1b5a86c27"},
  "type_check": {:hex, :type_check, "0.13.5", "b41ce95808546e9913d7d56d0886ae8298c4298c9ff596fd7987c5000a2d2316", [:mix], [{:credo, "~> 1.5", [hex: :credo, repo: "hexpm", optional: true]}, {:stream_data, "~> 0.5.0", [hex: :stream_data, repo: "hexpm", optional: true]}], "hexpm", "6196910e3cec69b4e2cec71f8d9f243532aeeb37924a86e8256bc5ee05b3fd00"},
  "unicode_util_compat": {:hex, :unicode_util_compat, "0.7.0", "bc84380c9ab48177092f43ac89e4dfa2c6d62b40b8bd132b1059ecc7232f9a78", [:rebar3], [], "hexpm", "25eee6d67df61960cf6a794239566599b09e17e668d3700247bc498638152521"},
}
